
Microsoft Visual Studio Solution File, Format Version 12.00
# Visual Studio Version 16
VisualStudioVersion = 16.0.31205.134
MinimumVisualStudioVersion = 10.0.40219.1
Project("{9A19103F-16F7-4668-BE54-9A1E7A4F7556}") = "JobAPI", "JobAPI\JobAPI.csproj", "{082032CE-A9AE-4238-85CA-1FE745FF58E6}"
EndProject
Project("{9A19103F-16F7-4668-BE54-9A1E7A4F7556}") = "__JobApp__", "JobAppMVC\__JobApp__.csproj", "{B40505FD-FD9C-43CF-9A06-ECF2DECE8AA3}"
EndProject
Project("{9A19103F-16F7-4668-BE54-9A1E7A4F7556}") = "JobApp.Library", "JobApp.Library\JobApp.Library.csproj", "{8EF5FC6F-9CD3-4734-9974-E5E39BFBC973}"
EndProject
Project("{9A19103F-16F7-4668-BE54-9A1E7A4F7556}") = "JobAppPortal", "JobAppPortal\JobAppPortal.csproj", "{D031DDFF-9B0B-4EC6-80AE-92FEFED2E5A2}"
EndProject
Global
	GlobalSection(SolutionConfigurationPlatforms) = preSolution
		Debug|Any CPU = Debug|Any CPU
		Release|Any CPU = Release|Any CPU
	EndGlobalSection
	GlobalSection(ProjectConfigurationPlatforms) = postSolution
		{082032CE-A9AE-4238-85CA-1FE745FF58E6}.Debug|Any CPU.ActiveCfg = Debug|Any CPU
		{082032CE-A9AE-4238-85CA-1FE745FF58E6}.Debug|Any CPU.Build.0 = Debug|Any CPU
		{082032CE-A9AE-4238-85CA-1FE745FF58E6}.Release|Any CPU.ActiveCfg = Release|Any CPU
		{082032CE-A9AE-4238-85CA-1FE745FF58E6}.Release|Any CPU.Build.0 = Release|Any CPU
		{B40505FD-FD9C-43CF-9A06-ECF2DECE8AA3}.Debug|Any CPU.ActiveCfg = Debug|Any CPU
		{B40505FD-FD9C-43CF-9A06-ECF2DECE8AA3}.Debug|Any CPU.Build.0 = Debug|Any CPU
		{B40505FD-FD9C-43CF-9A06-ECF2DECE8AA3}.Release|Any CPU.ActiveCfg = Release|Any CPU
		{B40505FD-FD9C-43CF-9A06-ECF2DECE8AA3}.Release|Any CPU.Build.0 = Release|Any CPU
		{8EF5FC6F-9CD3-4734-9974-E5E39BFBC973}.Debug|Any CPU.ActiveCfg = Debug|Any CPU
		{8EF5FC6F-9CD3-4734-9974-E5E39BFBC973}.Debug|Any CPU.Build.0 = Debug|Any CPU
		{8EF5FC6F-9CD3-4734-9974-E5E39BFBC973}.Release|Any CPU.ActiveCfg = Release|Any CPU
		{8EF5FC6F-9CD3-4734-9974-E5E39BFBC973}.Release|Any CPU.Build.0 = Release|Any CPU
		{D031DDFF-9B0B-4EC6-80AE-92FEFED2E5A2}.Debug|Any CPU.ActiveCfg = Debug|Any CPU
		{D031DDFF-9B0B-4EC6-80AE-92FEFED2E5A2}.Debug|Any CPU.Build.0 = Debug|Any CPU
		{D031DDFF-9B0B-4EC6-80AE-92FEFED2E5A2}.Release|Any CPU.ActiveCfg = Release|Any CPU
		{D031DDFF-9B0B-4EC6-80AE-92FEFED2E5A2}.Release|Any CPU.Build.0 = Release|Any CPU
	EndGlobalSection
	GlobalSection(SolutionProperties) = preSolution
		HideSolutionNode = FALSE
	EndGlobalSection
	GlobalSection(ExtensibilityGlobals) = postSolution
		SolutionGuid = {C6007BC8-60C4-46D1-8D5C-DB330C99B888}
	EndGlobalSection
EndGlobal
